
Microsoft Visual Studio Solution File, Format Version 12.00
# Visual Studio 15
VisualStudioVersion = 15.0.26228.4
MinimumVisualStudioVersion = 10.0.40219.1
Project("{2150E333-8FDC-42A3-9474-1A3956D46DE8}") = "Solution Items", "Solution Items", "{C7FD34B0-1CBF-44EC-A92C-59543CBE383B}"
	ProjectSection(SolutionItems) = preProject
		README.md = README.md
	EndProjectSection
EndProject
Project("{9A19103F-16F7-4668-BE54-9A1E7A4F7556}") = "Ductus.FluentDocker", "Ductus.FluentDocker\Ductus.FluentDocker.csproj", "{20B06EAB-41AD-4C1C-8375-5FE120F22B91}"
EndProject
Project("{9A19103F-16F7-4668-BE54-9A1E7A4F7556}") = "Ductus.FluentDocker.MsTest", "Ductus.FluentDocker.MsTest\Ductus.FluentDocker.MsTest.csproj", "{0BA07552-BC03-43EC-8D01-087AE89BE436}"
EndProject
Project("{9A19103F-16F7-4668-BE54-9A1E7A4F7556}") = "Ductus.FluentDocker.Tests", "Ductus.FluentDocker.Tests\Ductus.FluentDocker.Tests.csproj", "{FA836F5A-6361-4042-9B12-E38EB057CD41}"
EndProject
Global
	GlobalSection(SolutionConfigurationPlatforms) = preSolution
		Debug|Any CPU = Debug|Any CPU
		Release|Any CPU = Release|Any CPU
	EndGlobalSection
	GlobalSection(ProjectConfigurationPlatforms) = postSolution
		{20B06EAB-41AD-4C1C-8375-5FE120F22B91}.Debug|Any CPU.ActiveCfg = Debug|Any CPU
		{20B06EAB-41AD-4C1C-8375-5FE120F22B91}.Debug|Any CPU.Build.0 = Debug|Any CPU
		{20B06EAB-41AD-4C1C-8375-5FE120F22B91}.Release|Any CPU.ActiveCfg = Release|Any CPU
		{20B06EAB-41AD-4C1C-8375-5FE120F22B91}.Release|Any CPU.Build.0 = Release|Any CPU
		{0BA07552-BC03-43EC-8D01-087AE89BE436}.Debug|Any CPU.ActiveCfg = Debug|Any CPU
		{0BA07552-BC03-43EC-8D01-087AE89BE436}.Debug|Any CPU.Build.0 = Debug|Any CPU
		{0BA07552-BC03-43EC-8D01-087AE89BE436}.Release|Any CPU.ActiveCfg = Release|Any CPU
		{0BA07552-BC03-43EC-8D01-087AE89BE436}.Release|Any CPU.Build.0 = Release|Any CPU
		{FA836F5A-6361-4042-9B12-E38EB057CD41}.Debug|Any CPU.ActiveCfg = Debug|Any CPU
		{FA836F5A-6361-4042-9B12-E38EB057CD41}.Debug|Any CPU.Build.0 = Debug|Any CPU
		{FA836F5A-6361-4042-9B12-E38EB057CD41}.Release|Any CPU.ActiveCfg = Release|Any CPU
		{FA836F5A-6361-4042-9B12-E38EB057CD41}.Release|Any CPU.Build.0 = Release|Any CPU
	EndGlobalSection
	GlobalSection(SolutionProperties) = preSolution
		HideSolutionNode = FALSE
	EndGlobalSection
EndGlobal
