
Microsoft Visual Studio Solution File, Format Version 12.00
# Visual Studio Version 16
VisualStudioVersion = 16.0.29424.173
MinimumVisualStudioVersion = 10.0.40219.1
Project("{2150E333-8FDC-42A3-9474-1A3956D46DE8}") = "Solution Items", "Solution Items", "{C7FD34B0-1CBF-44EC-A92C-59543CBE383B}"
	ProjectSection(SolutionItems) = preProject
		.editorconfig = .editorconfig
		docs\_config.yml = docs\_config.yml
		appveyor.yml = appveyor.yml
		coverletArgs.runsettings = coverletArgs.runsettings
		GitVersion.yml = GitVersion.yml
		global.json = global.json
		docs\index.md = docs\index.md
		NuGet.config = NuGet.config
		README.md = README.md
	EndProjectSection
EndProject
Project("{9A19103F-16F7-4668-BE54-9A1E7A4F7556}") = "Ductus.FluentDocker", "Ductus.FluentDocker\Ductus.FluentDocker.csproj", "{20B06EAB-41AD-4C1C-8375-5FE120F22B91}"
EndProject
Project("{9A19103F-16F7-4668-BE54-9A1E7A4F7556}") = "Ductus.FluentDocker.MsTest", "Ductus.FluentDocker.MsTest\Ductus.FluentDocker.MsTest.csproj", "{0BA07552-BC03-43EC-8D01-087AE89BE436}"
EndProject
Project("{9A19103F-16F7-4668-BE54-9A1E7A4F7556}") = "Ductus.FluentDocker.Tests", "Ductus.FluentDocker.Tests\Ductus.FluentDocker.Tests.csproj", "{FA836F5A-6361-4042-9B12-E38EB057CD41}"
EndProject
Project("{9A19103F-16F7-4668-BE54-9A1E7A4F7556}") = "Tests", "Tests\Tests.csproj", "{2840F9EE-DC65-40A8-8E11-6DF4585DE4B4}"
EndProject
Project("{9A19103F-16F7-4668-BE54-9A1E7A4F7556}") = "FluentDocker.Features.Elk", "FluentDocker.Features\FluentDocker.Features.Elk\FluentDocker.Features.Elk.csproj", "{B2F4EA39-3DFB-422E-B6CA-A7DD35F38FF4}"
EndProject
Project("{2150E333-8FDC-42A3-9474-1A3956D46DE8}") = "Features", "Features", "{E950CBF3-37F5-442C-9AC4-1294A5AB9E80}"
EndProject
Project("{2150E333-8FDC-42A3-9474-1A3956D46DE8}") = "data", "data", "{60257CD9-E6FE-4F23-A675-34B7DD1C27F1}"
	ProjectSection(SolutionItems) = preProject
		data\docker_event_sample_1.json = data\docker_event_sample_1.json
		data\docker_network_inspect.json = data\docker_network_inspect.json
	EndProjectSection
EndProject
Global
	GlobalSection(SolutionConfigurationPlatforms) = preSolution
		Debug|Any CPU = Debug|Any CPU
		Release|Any CPU = Release|Any CPU
	EndGlobalSection
	GlobalSection(ProjectConfigurationPlatforms) = postSolution
		{20B06EAB-41AD-4C1C-8375-5FE120F22B91}.Debug|Any CPU.ActiveCfg = Debug|Any CPU
		{20B06EAB-41AD-4C1C-8375-5FE120F22B91}.Debug|Any CPU.Build.0 = Debug|Any CPU
		{20B06EAB-41AD-4C1C-8375-5FE120F22B91}.Release|Any CPU.ActiveCfg = Release|Any CPU
		{20B06EAB-41AD-4C1C-8375-5FE120F22B91}.Release|Any CPU.Build.0 = Release|Any CPU
		{0BA07552-BC03-43EC-8D01-087AE89BE436}.Debug|Any CPU.ActiveCfg = Debug|Any CPU
		{0BA07552-BC03-43EC-8D01-087AE89BE436}.Debug|Any CPU.Build.0 = Debug|Any CPU
		{0BA07552-BC03-43EC-8D01-087AE89BE436}.Release|Any CPU.ActiveCfg = Release|Any CPU
		{0BA07552-BC03-43EC-8D01-087AE89BE436}.Release|Any CPU.Build.0 = Release|Any CPU
		{FA836F5A-6361-4042-9B12-E38EB057CD41}.Debug|Any CPU.ActiveCfg = Debug|Any CPU
		{FA836F5A-6361-4042-9B12-E38EB057CD41}.Debug|Any CPU.Build.0 = Debug|Any CPU
		{FA836F5A-6361-4042-9B12-E38EB057CD41}.Release|Any CPU.ActiveCfg = Release|Any CPU
		{FA836F5A-6361-4042-9B12-E38EB057CD41}.Release|Any CPU.Build.0 = Release|Any CPU
		{2840F9EE-DC65-40A8-8E11-6DF4585DE4B4}.Debug|Any CPU.ActiveCfg = Debug|Any CPU
		{2840F9EE-DC65-40A8-8E11-6DF4585DE4B4}.Debug|Any CPU.Build.0 = Debug|Any CPU
		{2840F9EE-DC65-40A8-8E11-6DF4585DE4B4}.Release|Any CPU.ActiveCfg = Release|Any CPU
		{2840F9EE-DC65-40A8-8E11-6DF4585DE4B4}.Release|Any CPU.Build.0 = Release|Any CPU
		{B2F4EA39-3DFB-422E-B6CA-A7DD35F38FF4}.Debug|Any CPU.ActiveCfg = Debug|Any CPU
		{B2F4EA39-3DFB-422E-B6CA-A7DD35F38FF4}.Debug|Any CPU.Build.0 = Debug|Any CPU
		{B2F4EA39-3DFB-422E-B6CA-A7DD35F38FF4}.Release|Any CPU.ActiveCfg = Release|Any CPU
		{B2F4EA39-3DFB-422E-B6CA-A7DD35F38FF4}.Release|Any CPU.Build.0 = Release|Any CPU
	EndGlobalSection
	GlobalSection(SolutionProperties) = preSolution
		HideSolutionNode = FALSE
	EndGlobalSection
	GlobalSection(NestedProjects) = preSolution
		{B2F4EA39-3DFB-422E-B6CA-A7DD35F38FF4} = {E950CBF3-37F5-442C-9AC4-1294A5AB9E80}
		{60257CD9-E6FE-4F23-A675-34B7DD1C27F1} = {C7FD34B0-1CBF-44EC-A92C-59543CBE383B}
	EndGlobalSection
	GlobalSection(ExtensibilityGlobals) = postSolution
		SolutionGuid = {E5379AC0-CB30-46F7-B995-C515FA19102D}
	EndGlobalSection
EndGlobal
